
Microsoft Visual Studio Solution File, Format Version 12.00
# Visual Studio Version 17
VisualStudioVersion = 17.13.35931.197 d17.13
MinimumVisualStudioVersion = 10.0.40219.1
Project("{FAE04EC0-301F-11D3-BF4B-00C04F79EFBC}") = "CV-back", "CV-back.csproj", "{96FF01F2-05B8-4B84-AA5D-26B34D935D6D}"
EndProject
Global
	GlobalSection(SolutionConfigurationPlatforms) = preSolution
		Debug|Any CPU = Debug|Any CPU
		Release|Any CPU = Release|Any CPU
	EndGlobalSection
	GlobalSection(ProjectConfigurationPlatforms) = postSolution
		{96FF01F2-05B8-4B84-AA5D-26B34D935D6D}.Debug|Any CPU.ActiveCfg = Debug|Any CPU
		{96FF01F2-05B8-4B84-AA5D-26B34D935D6D}.Debug|Any CPU.Build.0 = Debug|Any CPU
		{96FF01F2-05B8-4B84-AA5D-26B34D935D6D}.Release|Any CPU.ActiveCfg = Release|Any CPU
		{96FF01F2-05B8-4B84-AA5D-26B34D935D6D}.Release|Any CPU.Build.0 = Release|Any CPU
	EndGlobalSection
	GlobalSection(SolutionProperties) = preSolution
		HideSolutionNode = FALSE
	EndGlobalSection
	GlobalSection(ExtensibilityGlobals) = postSolution
		SolutionGuid = {FA925CA7-FED9-40A0-A820-EE605044DB25}
	EndGlobalSection
EndGlobal
